
Microsoft Visual Studio Solution File, Format Version 12.00
# Visual Studio Version 17
VisualStudioVersion = 17.3.32929.385
MinimumVisualStudioVersion = 10.0.40219.1
Project("{FAE04EC0-301F-11D3-BF4B-00C04F79EFBC}") = "korisnik", "korisnik.csproj", "{32DACB3E-7196-41E8-8477-BAB049915A36}"
EndProject
Global
	GlobalSection(SolutionConfigurationPlatforms) = preSolution
		Debug|Any CPU = Debug|Any CPU
		Release|Any CPU = Release|Any CPU
	EndGlobalSection
	GlobalSection(ProjectConfigurationPlatforms) = postSolution
		{32DACB3E-7196-41E8-8477-BAB049915A36}.Debug|Any CPU.ActiveCfg = Debug|Any CPU
		{32DACB3E-7196-41E8-8477-BAB049915A36}.Debug|Any CPU.Build.0 = Debug|Any CPU
		{32DACB3E-7196-41E8-8477-BAB049915A36}.Release|Any CPU.ActiveCfg = Release|Any CPU
		{32DACB3E-7196-41E8-8477-BAB049915A36}.Release|Any CPU.Build.0 = Release|Any CPU
	EndGlobalSection
	GlobalSection(SolutionProperties) = preSolution
		HideSolutionNode = FALSE
	EndGlobalSection
	GlobalSection(ExtensibilityGlobals) = postSolution
		SolutionGuid = {E36D7261-F78C-4111-8C3D-B2F03905FFA1}
	EndGlobalSection
EndGlobal
