
Microsoft Visual Studio Solution File, Format Version 12.00
# Visual Studio Version 17
VisualStudioVersion = 17.3.32825.248
MinimumVisualStudioVersion = 10.0.40219.1
Project("{FAE04EC0-301F-11D3-BF4B-00C04F79EFBC}") = "hestabele", "hestabele.csproj", "{81A47A0D-C632-4F97-BE69-EA0B60336180}"
EndProject
Global
	GlobalSection(SolutionConfigurationPlatforms) = preSolution
		Debug|Any CPU = Debug|Any CPU
		Release|Any CPU = Release|Any CPU
	EndGlobalSection
	GlobalSection(ProjectConfigurationPlatforms) = postSolution
		{81A47A0D-C632-4F97-BE69-EA0B60336180}.Debug|Any CPU.ActiveCfg = Debug|Any CPU
		{81A47A0D-C632-4F97-BE69-EA0B60336180}.Debug|Any CPU.Build.0 = Debug|Any CPU
		{81A47A0D-C632-4F97-BE69-EA0B60336180}.Release|Any CPU.ActiveCfg = Release|Any CPU
		{81A47A0D-C632-4F97-BE69-EA0B60336180}.Release|Any CPU.Build.0 = Release|Any CPU
	EndGlobalSection
	GlobalSection(SolutionProperties) = preSolution
		HideSolutionNode = FALSE
	EndGlobalSection
	GlobalSection(ExtensibilityGlobals) = postSolution
		SolutionGuid = {248AC694-A218-4C4B-94B2-692029CCDF33}
	EndGlobalSection
EndGlobal
